
Microsoft Visual Studio Solution File, Format Version 12.00
# Visual Studio Version 16
VisualStudioVersion = 16.0.30413.136
MinimumVisualStudioVersion = 10.0.40219.1
Project("{FAE04EC0-301F-11D3-BF4B-00C04F79EFBC}") = "Homework10", "Homework10\Homework10.csproj", "{AC13E827-6552-4DB9-9E5E-0A8928F75465}"
EndProject
Global
	GlobalSection(SolutionConfigurationPlatforms) = preSolution
		Debug|Any CPU = Debug|Any CPU
		Release|Any CPU = Release|Any CPU
	EndGlobalSection
	GlobalSection(ProjectConfigurationPlatforms) = postSolution
		{AC13E827-6552-4DB9-9E5E-0A8928F75465}.Debug|Any CPU.ActiveCfg = Debug|Any CPU
		{AC13E827-6552-4DB9-9E5E-0A8928F75465}.Debug|Any CPU.Build.0 = Debug|Any CPU
		{AC13E827-6552-4DB9-9E5E-0A8928F75465}.Release|Any CPU.ActiveCfg = Release|Any CPU
		{AC13E827-6552-4DB9-9E5E-0A8928F75465}.Release|Any CPU.Build.0 = Release|Any CPU
	EndGlobalSection
	GlobalSection(SolutionProperties) = preSolution
		HideSolutionNode = FALSE
	EndGlobalSection
	GlobalSection(ExtensibilityGlobals) = postSolution
		SolutionGuid = {54EB3FDE-0C94-4315-A496-0A0274F1626B}
	EndGlobalSection
EndGlobal
